dependencies:
- name: utils
  repository: https://charts.eu-de-2.cloud.sap
  version: 0.4.1
- name: mariadb
  repository: https://charts.eu-de-2.cloud.sap
  version: 0.3.55
- name: mysql_metrics
  repository: https://charts.eu-de-2.cloud.sap
  version: 0.2.7
- name: memcached
  repository: https://charts.eu-de-2.cloud.sap
  version: 0.0.10
- name: rabbitmq
  repository: https://charts.eu-de-2.cloud.sap
  version: 0.4.0
- name: rabbitmq
  repository: https://charts.eu-de-2.cloud.sap
  version: 0.4.0
- name: region_check
  repository: https://charts.eu-de-2.cloud.sap
  version: 0.1.2
- name: redis
  repository: https://charts.eu-de-2.cloud.sap
  version: 1.2.1
digest: sha256:d4de030d838143a250197f898576df971436a8d34f7fe5ce39168f8abf10ac8f
generated: "2022-07-05T14:56:45.049671266+02:00"
