dependencies:
- name: mariadb
  repository: https://charts.eu-de-2.cloud.sap
  version: 0.3.55
- name: memcached
  repository: https://charts.eu-de-2.cloud.sap
  version: 0.0.10
- name: mysql_metrics
  repository: https://charts.eu-de-2.cloud.sap
  version: 0.2.7
- name: rabbitmq
  repository: https://charts.eu-de-2.cloud.sap
  version: 0.3.3
- name: utils
  repository: https://charts.eu-de-2.cloud.sap
  version: 0.4.1
digest: sha256:83ef0eb3b69621a39330b6487fe6d98892d102125abc388647911f2b55e9a35e
generated: "2022-06-30T12:21:02.341952026+02:00"
