dependencies:
- name: mariadb
  repository: https://charts.eu-de-2.cloud.sap
  version: 0.4.0
- name: mariadb
  repository: https://charts.eu-de-2.cloud.sap
  version: 0.4.0
- name: mysql_metrics
  repository: https://charts.eu-de-2.cloud.sap
  version: 0.2.7
- name: rabbitmq
  repository: https://charts.eu-de-2.cloud.sap
  version: 0.4.0
- name: memcached
  repository: https://charts.eu-de-2.cloud.sap
  version: 0.0.10
- name: rabbitmq
  repository: https://charts.eu-de-2.cloud.sap
  version: 0.4.0
- name: utils
  repository: https://charts.eu-de-2.cloud.sap
  version: 0.4.1
- name: mariadb
  repository: https://charts.eu-de-2.cloud.sap
  version: 0.4.0
- name: rabbitmq
  repository: https://charts.eu-de-2.cloud.sap
  version: 0.4.0
- name: region_check
  repository: https://charts.eu-de-2.cloud.sap
  version: 0.1.2
digest: sha256:a91750154183dc93103b79d643aa23f164cd111a49c4a0c6e99b84fe68e87f47
generated: "2022-07-06T13:24:57.046058213+02:00"
